
Microsoft Visual Studio Solution File, Format Version 12.00
# Visual Studio Version 17
VisualStudioVersion = 17.2.32505.173
MinimumVisualStudioVersion = 10.0.40219.1
Project("{9A19103F-16F7-4668-BE54-9A1E7A4F7556}") = "Day1", "Day1\Day1.csproj", "{578660E3-0084-4F10-958D-330E7E77D2C9}"
EndProject
Project("{9A19103F-16F7-4668-BE54-9A1E7A4F7556}") = "Day2", "Day2\Day2.csproj", "{079E4F84-3CAF-40E4-A550-84C4030AA2E9}"
EndProject
Project("{9A19103F-16F7-4668-BE54-9A1E7A4F7556}") = "Day3", "Day3\Day3.csproj", "{EDECC875-7E9A-4B83-8946-2BC25495BFF5}"
EndProject
Project("{9A19103F-16F7-4668-BE54-9A1E7A4F7556}") = "Day4", "Day4\Day4.csproj", "{41A9BB2F-D85E-4F25-81C7-7CC1935A1317}"
EndProject
Project("{9A19103F-16F7-4668-BE54-9A1E7A4F7556}") = "Day5", "Day5\Day5.csproj", "{373CDF9F-A16D-4DE8-9EE6-7C63F36877FA}"
EndProject
Project("{9A19103F-16F7-4668-BE54-9A1E7A4F7556}") = "Day6", "Day6\Day6.csproj", "{98E6BD5D-74DC-4926-82DE-45B7FF2B4C7E}"
EndProject
Project("{9A19103F-16F7-4668-BE54-9A1E7A4F7556}") = "Day7", "Day7\Day7.csproj", "{8EAF2403-ABD4-4495-B567-E9B85CA17053}"
EndProject
Project("{9A19103F-16F7-4668-BE54-9A1E7A4F7556}") = "Day8", "Day8\Day8.csproj", "{2E625A5A-FAFC-4071-8A11-7DAE1796C1BF}"
EndProject
Project("{9A19103F-16F7-4668-BE54-9A1E7A4F7556}") = "Day9", "Day9\Day9.csproj", "{C6CEEC18-51FF-4F83-9074-CF39BE0636F1}"
EndProject
Project("{9A19103F-16F7-4668-BE54-9A1E7A4F7556}") = "Day10", "Day10\Day10.csproj", "{0B803852-078C-4579-8D33-B0B1D3A7A4C2}"
EndProject
Project("{FAE04EC0-301F-11D3-BF4B-00C04F79EFBC}") = "Day11", "Day11\Day11.csproj", "{8FF1B4AC-787A-405F-A735-363BF0B4F1EE}"
EndProject
Global
	GlobalSection(SolutionConfigurationPlatforms) = preSolution
		Debug|Any CPU = Debug|Any CPU
		Release|Any CPU = Release|Any CPU
	EndGlobalSection
	GlobalSection(ProjectConfigurationPlatforms) = postSolution
		{578660E3-0084-4F10-958D-330E7E77D2C9}.Debug|Any CPU.ActiveCfg = Debug|Any CPU
		{578660E3-0084-4F10-958D-330E7E77D2C9}.Debug|Any CPU.Build.0 = Debug|Any CPU
		{578660E3-0084-4F10-958D-330E7E77D2C9}.Release|Any CPU.ActiveCfg = Release|Any CPU
		{578660E3-0084-4F10-958D-330E7E77D2C9}.Release|Any CPU.Build.0 = Release|Any CPU
		{079E4F84-3CAF-40E4-A550-84C4030AA2E9}.Debug|Any CPU.ActiveCfg = Debug|Any CPU
		{079E4F84-3CAF-40E4-A550-84C4030AA2E9}.Debug|Any CPU.Build.0 = Debug|Any CPU
		{079E4F84-3CAF-40E4-A550-84C4030AA2E9}.Release|Any CPU.ActiveCfg = Release|Any CPU
		{079E4F84-3CAF-40E4-A550-84C4030AA2E9}.Release|Any CPU.Build.0 = Release|Any CPU
		{EDECC875-7E9A-4B83-8946-2BC25495BFF5}.Debug|Any CPU.ActiveCfg = Debug|Any CPU
		{EDECC875-7E9A-4B83-8946-2BC25495BFF5}.Debug|Any CPU.Build.0 = Debug|Any CPU
		{EDECC875-7E9A-4B83-8946-2BC25495BFF5}.Release|Any CPU.ActiveCfg = Release|Any CPU
		{EDECC875-7E9A-4B83-8946-2BC25495BFF5}.Release|Any CPU.Build.0 = Release|Any CPU
		{41A9BB2F-D85E-4F25-81C7-7CC1935A1317}.Debug|Any CPU.ActiveCfg = Debug|Any CPU
		{41A9BB2F-D85E-4F25-81C7-7CC1935A1317}.Debug|Any CPU.Build.0 = Debug|Any CPU
		{41A9BB2F-D85E-4F25-81C7-7CC1935A1317}.Release|Any CPU.ActiveCfg = Release|Any CPU
		{41A9BB2F-D85E-4F25-81C7-7CC1935A1317}.Release|Any CPU.Build.0 = Release|Any CPU
		{373CDF9F-A16D-4DE8-9EE6-7C63F36877FA}.Debug|Any CPU.ActiveCfg = Debug|Any CPU
		{373CDF9F-A16D-4DE8-9EE6-7C63F36877FA}.Debug|Any CPU.Build.0 = Debug|Any CPU
		{373CDF9F-A16D-4DE8-9EE6-7C63F36877FA}.Release|Any CPU.ActiveCfg = Release|Any CPU
		{373CDF9F-A16D-4DE8-9EE6-7C63F36877FA}.Release|Any CPU.Build.0 = Release|Any CPU
		{98E6BD5D-74DC-4926-82DE-45B7FF2B4C7E}.Debug|Any CPU.ActiveCfg = Debug|Any CPU
		{98E6BD5D-74DC-4926-82DE-45B7FF2B4C7E}.Debug|Any CPU.Build.0 = Debug|Any CPU
		{98E6BD5D-74DC-4926-82DE-45B7FF2B4C7E}.Release|Any CPU.ActiveCfg = Release|Any CPU
		{98E6BD5D-74DC-4926-82DE-45B7FF2B4C7E}.Release|Any CPU.Build.0 = Release|Any CPU
		{8EAF2403-ABD4-4495-B567-E9B85CA17053}.Debug|Any CPU.ActiveCfg = Debug|Any CPU
		{8EAF2403-ABD4-4495-B567-E9B85CA17053}.Debug|Any CPU.Build.0 = Debug|Any CPU
		{8EAF2403-ABD4-4495-B567-E9B85CA17053}.Release|Any CPU.ActiveCfg = Release|Any CPU
		{8EAF2403-ABD4-4495-B567-E9B85CA17053}.Release|Any CPU.Build.0 = Release|Any CPU
		{2E625A5A-FAFC-4071-8A11-7DAE1796C1BF}.Debug|Any CPU.ActiveCfg = Debug|Any CPU
		{2E625A5A-FAFC-4071-8A11-7DAE1796C1BF}.Debug|Any CPU.Build.0 = Debug|Any CPU
		{2E625A5A-FAFC-4071-8A11-7DAE1796C1BF}.Release|Any CPU.ActiveCfg = Release|Any CPU
		{2E625A5A-FAFC-4071-8A11-7DAE1796C1BF}.Release|Any CPU.Build.0 = Release|Any CPU
		{C6CEEC18-51FF-4F83-9074-CF39BE0636F1}.Debug|Any CPU.ActiveCfg = Debug|Any CPU
		{C6CEEC18-51FF-4F83-9074-CF39BE0636F1}.Debug|Any CPU.Build.0 = Debug|Any CPU
		{C6CEEC18-51FF-4F83-9074-CF39BE0636F1}.Release|Any CPU.ActiveCfg = Release|Any CPU
		{C6CEEC18-51FF-4F83-9074-CF39BE0636F1}.Release|Any CPU.Build.0 = Release|Any CPU
		{0B803852-078C-4579-8D33-B0B1D3A7A4C2}.Debug|Any CPU.ActiveCfg = Debug|Any CPU
		{0B803852-078C-4579-8D33-B0B1D3A7A4C2}.Debug|Any CPU.Build.0 = Debug|Any CPU
		{0B803852-078C-4579-8D33-B0B1D3A7A4C2}.Release|Any CPU.ActiveCfg = Release|Any CPU
		{0B803852-078C-4579-8D33-B0B1D3A7A4C2}.Release|Any CPU.Build.0 = Release|Any CPU
		{8FF1B4AC-787A-405F-A735-363BF0B4F1EE}.Debug|Any CPU.ActiveCfg = Debug|Any CPU
		{8FF1B4AC-787A-405F-A735-363BF0B4F1EE}.Debug|Any CPU.Build.0 = Debug|Any CPU
		{8FF1B4AC-787A-405F-A735-363BF0B4F1EE}.Release|Any CPU.ActiveCfg = Release|Any CPU
		{8FF1B4AC-787A-405F-A735-363BF0B4F1EE}.Release|Any CPU.Build.0 = Release|Any CPU
	EndGlobalSection
	GlobalSection(SolutionProperties) = preSolution
		HideSolutionNode = FALSE
	EndGlobalSection
	GlobalSection(ExtensibilityGlobals) = postSolution
		SolutionGuid = {3A7AD809-8CB0-4C40-B052-B6E19D3ACC46}
	EndGlobalSection
EndGlobal
