
Microsoft Visual Studio Solution File, Format Version 12.00
# Visual Studio Version 17
VisualStudioVersion = 17.2.32505.173
MinimumVisualStudioVersion = 10.0.40219.1
Project("{9A19103F-16F7-4668-BE54-9A1E7A4F7556}") = "Day1", "Day1\Day1.csproj", "{578660E3-0084-4F10-958D-330E7E77D2C9}"
EndProject
Project("{9A19103F-16F7-4668-BE54-9A1E7A4F7556}") = "Day2", "Day2\Day2.csproj", "{079E4F84-3CAF-40E4-A550-84C4030AA2E9}"
EndProject
Project("{9A19103F-16F7-4668-BE54-9A1E7A4F7556}") = "Day3", "Day3\Day3.csproj", "{EDECC875-7E9A-4B83-8946-2BC25495BFF5}"
EndProject
Project("{9A19103F-16F7-4668-BE54-9A1E7A4F7556}") = "Day4", "Day4\Day4.csproj", "{41A9BB2F-D85E-4F25-81C7-7CC1935A1317}"
EndProject
Project("{9A19103F-16F7-4668-BE54-9A1E7A4F7556}") = "Day5", "Day5\Day5.csproj", "{373CDF9F-A16D-4DE8-9EE6-7C63F36877FA}"
EndProject
Project("{9A19103F-16F7-4668-BE54-9A1E7A4F7556}") = "Day6", "Day6\Day6.csproj", "{98E6BD5D-74DC-4926-82DE-45B7FF2B4C7E}"
EndProject
Project("{9A19103F-16F7-4668-BE54-9A1E7A4F7556}") = "Day7", "Day7\Day7.csproj", "{8EAF2403-ABD4-4495-B567-E9B85CA17053}"
EndProject
Project("{9A19103F-16F7-4668-BE54-9A1E7A4F7556}") = "Day8", "Day8\Day8.csproj", "{2E625A5A-FAFC-4071-8A11-7DAE1796C1BF}"
EndProject
Project("{9A19103F-16F7-4668-BE54-9A1E7A4F7556}") = "Day9", "Day9\Day9.csproj", "{C6CEEC18-51FF-4F83-9074-CF39BE0636F1}"
EndProject
Project("{9A19103F-16F7-4668-BE54-9A1E7A4F7556}") = "Day10", "Day10\Day10.csproj", "{0B803852-078C-4579-8D33-B0B1D3A7A4C2}"
EndProject
Project("{9A19103F-16F7-4668-BE54-9A1E7A4F7556}") = "Day11", "Day11\Day11.csproj", "{8FF1B4AC-787A-405F-A735-363BF0B4F1EE}"
EndProject
Project("{FAE04EC0-301F-11D3-BF4B-00C04F79EFBC}") = "Day12", "Day12\Day12.csproj", "{D6577B91-95E0-4A50-A81D-8A145C203FB2}"
EndProject
Project("{FAE04EC0-301F-11D3-BF4B-00C04F79EFBC}") = "Day13", "Day13\Day13.csproj", "{39075B75-9309-4BA0-8935-8F7293C65991}"
EndProject
Project("{FAE04EC0-301F-11D3-BF4B-00C04F79EFBC}") = "Day14", "Day14\Day14.csproj", "{9FF53B82-0D63-4E8A-9EAC-2AB751007982}"
EndProject
Project("{FAE04EC0-301F-11D3-BF4B-00C04F79EFBC}") = "Day15", "Day15\Day15.csproj", "{9516B777-F09D-403D-9D69-DC0A1198EC6C}"
EndProject
Project("{FAE04EC0-301F-11D3-BF4B-00C04F79EFBC}") = "Day16", "Day16\Day16.csproj", "{26D81D99-1657-4666-9644-58946D94CFC5}"
EndProject
Project("{FAE04EC0-301F-11D3-BF4B-00C04F79EFBC}") = "Day17", "Day17\Day17.csproj", "{34042920-6B21-4CA8-BA29-6230DCE2C669}"
EndProject
Project("{FAE04EC0-301F-11D3-BF4B-00C04F79EFBC}") = "Day18", "Day18\Day18.csproj", "{29DC8648-7B81-483C-8FB7-0C8F6460EBB5}"
EndProject
Project("{FAE04EC0-301F-11D3-BF4B-00C04F79EFBC}") = "Day19", "Day19\Day19.csproj", "{457776AE-8460-4C75-A43E-CBEB2C76AEC3}"
EndProject
Project("{FAE04EC0-301F-11D3-BF4B-00C04F79EFBC}") = "Day20", "Day20\Day20.csproj", "{270C8DF7-9C60-443D-946A-847060452507}"
EndProject
Project("{FAE04EC0-301F-11D3-BF4B-00C04F79EFBC}") = "Day21", "Day21\Day21.csproj", "{C85A084D-BF75-4894-B7E0-E967B08C0CB8}"
EndProject
Project("{FAE04EC0-301F-11D3-BF4B-00C04F79EFBC}") = "Day22", "Day22\Day22.csproj", "{F3139B06-1E43-419A-8D07-A45FE234634D}"
EndProject
Project("{FAE04EC0-301F-11D3-BF4B-00C04F79EFBC}") = "Day23", "Day23\Day23.csproj", "{E4D75C70-1278-4B43-B490-113471BF044B}"
EndProject
Project("{FAE04EC0-301F-11D3-BF4B-00C04F79EFBC}") = "Day24", "Day24\Day24.csproj", "{15C72713-1A8F-4032-A9D7-AA9FDD5B4D07}"
EndProject
Project("{FAE04EC0-301F-11D3-BF4B-00C04F79EFBC}") = "Day25", "Day25\Day25.csproj", "{B29F353A-8ECD-4DC5-8AE0-191EB1D4A27C}"
EndProject
Global
	GlobalSection(SolutionConfigurationPlatforms) = preSolution
		Debug|Any CPU = Debug|Any CPU
		Release|Any CPU = Release|Any CPU
	EndGlobalSection
	GlobalSection(ProjectConfigurationPlatforms) = postSolution
		{578660E3-0084-4F10-958D-330E7E77D2C9}.Debug|Any CPU.ActiveCfg = Debug|Any CPU
		{578660E3-0084-4F10-958D-330E7E77D2C9}.Debug|Any CPU.Build.0 = Debug|Any CPU
		{578660E3-0084-4F10-958D-330E7E77D2C9}.Release|Any CPU.ActiveCfg = Release|Any CPU
		{578660E3-0084-4F10-958D-330E7E77D2C9}.Release|Any CPU.Build.0 = Release|Any CPU
		{079E4F84-3CAF-40E4-A550-84C4030AA2E9}.Debug|Any CPU.ActiveCfg = Debug|Any CPU
		{079E4F84-3CAF-40E4-A550-84C4030AA2E9}.Debug|Any CPU.Build.0 = Debug|Any CPU
		{079E4F84-3CAF-40E4-A550-84C4030AA2E9}.Release|Any CPU.ActiveCfg = Release|Any CPU
		{079E4F84-3CAF-40E4-A550-84C4030AA2E9}.Release|Any CPU.Build.0 = Release|Any CPU
		{EDECC875-7E9A-4B83-8946-2BC25495BFF5}.Debug|Any CPU.ActiveCfg = Debug|Any CPU
		{EDECC875-7E9A-4B83-8946-2BC25495BFF5}.Debug|Any CPU.Build.0 = Debug|Any CPU
		{EDECC875-7E9A-4B83-8946-2BC25495BFF5}.Release|Any CPU.ActiveCfg = Release|Any CPU
		{EDECC875-7E9A-4B83-8946-2BC25495BFF5}.Release|Any CPU.Build.0 = Release|Any CPU
		{41A9BB2F-D85E-4F25-81C7-7CC1935A1317}.Debug|Any CPU.ActiveCfg = Debug|Any CPU
		{41A9BB2F-D85E-4F25-81C7-7CC1935A1317}.Debug|Any CPU.Build.0 = Debug|Any CPU
		{41A9BB2F-D85E-4F25-81C7-7CC1935A1317}.Release|Any CPU.ActiveCfg = Release|Any CPU
		{41A9BB2F-D85E-4F25-81C7-7CC1935A1317}.Release|Any CPU.Build.0 = Release|Any CPU
		{373CDF9F-A16D-4DE8-9EE6-7C63F36877FA}.Debug|Any CPU.ActiveCfg = Debug|Any CPU
		{373CDF9F-A16D-4DE8-9EE6-7C63F36877FA}.Debug|Any CPU.Build.0 = Debug|Any CPU
		{373CDF9F-A16D-4DE8-9EE6-7C63F36877FA}.Release|Any CPU.ActiveCfg = Release|Any CPU
		{373CDF9F-A16D-4DE8-9EE6-7C63F36877FA}.Release|Any CPU.Build.0 = Release|Any CPU
		{98E6BD5D-74DC-4926-82DE-45B7FF2B4C7E}.Debug|Any CPU.ActiveCfg = Debug|Any CPU
		{98E6BD5D-74DC-4926-82DE-45B7FF2B4C7E}.Debug|Any CPU.Build.0 = Debug|Any CPU
		{98E6BD5D-74DC-4926-82DE-45B7FF2B4C7E}.Release|Any CPU.ActiveCfg = Release|Any CPU
		{98E6BD5D-74DC-4926-82DE-45B7FF2B4C7E}.Release|Any CPU.Build.0 = Release|Any CPU
		{8EAF2403-ABD4-4495-B567-E9B85CA17053}.Debug|Any CPU.ActiveCfg = Debug|Any CPU
		{8EAF2403-ABD4-4495-B567-E9B85CA17053}.Debug|Any CPU.Build.0 = Debug|Any CPU
		{8EAF2403-ABD4-4495-B567-E9B85CA17053}.Release|Any CPU.ActiveCfg = Release|Any CPU
		{8EAF2403-ABD4-4495-B567-E9B85CA17053}.Release|Any CPU.Build.0 = Release|Any CPU
		{2E625A5A-FAFC-4071-8A11-7DAE1796C1BF}.Debug|Any CPU.ActiveCfg = Debug|Any CPU
		{2E625A5A-FAFC-4071-8A11-7DAE1796C1BF}.Debug|Any CPU.Build.0 = Debug|Any CPU
		{2E625A5A-FAFC-4071-8A11-7DAE1796C1BF}.Release|Any CPU.ActiveCfg = Release|Any CPU
		{2E625A5A-FAFC-4071-8A11-7DAE1796C1BF}.Release|Any CPU.Build.0 = Release|Any CPU
		{C6CEEC18-51FF-4F83-9074-CF39BE0636F1}.Debug|Any CPU.ActiveCfg = Debug|Any CPU
		{C6CEEC18-51FF-4F83-9074-CF39BE0636F1}.Debug|Any CPU.Build.0 = Debug|Any CPU
		{C6CEEC18-51FF-4F83-9074-CF39BE0636F1}.Release|Any CPU.ActiveCfg = Release|Any CPU
		{C6CEEC18-51FF-4F83-9074-CF39BE0636F1}.Release|Any CPU.Build.0 = Release|Any CPU
		{0B803852-078C-4579-8D33-B0B1D3A7A4C2}.Debug|Any CPU.ActiveCfg = Debug|Any CPU
		{0B803852-078C-4579-8D33-B0B1D3A7A4C2}.Debug|Any CPU.Build.0 = Debug|Any CPU
		{0B803852-078C-4579-8D33-B0B1D3A7A4C2}.Release|Any CPU.ActiveCfg = Release|Any CPU
		{0B803852-078C-4579-8D33-B0B1D3A7A4C2}.Release|Any CPU.Build.0 = Release|Any CPU
		{8FF1B4AC-787A-405F-A735-363BF0B4F1EE}.Debug|Any CPU.ActiveCfg = Debug|Any CPU
		{8FF1B4AC-787A-405F-A735-363BF0B4F1EE}.Debug|Any CPU.Build.0 = Debug|Any CPU
		{8FF1B4AC-787A-405F-A735-363BF0B4F1EE}.Release|Any CPU.ActiveCfg = Release|Any CPU
		{8FF1B4AC-787A-405F-A735-363BF0B4F1EE}.Release|Any CPU.Build.0 = Release|Any CPU
		{D6577B91-95E0-4A50-A81D-8A145C203FB2}.Debug|Any CPU.ActiveCfg = Debug|Any CPU
		{D6577B91-95E0-4A50-A81D-8A145C203FB2}.Debug|Any CPU.Build.0 = Debug|Any CPU
		{D6577B91-95E0-4A50-A81D-8A145C203FB2}.Release|Any CPU.ActiveCfg = Release|Any CPU
		{D6577B91-95E0-4A50-A81D-8A145C203FB2}.Release|Any CPU.Build.0 = Release|Any CPU
		{39075B75-9309-4BA0-8935-8F7293C65991}.Debug|Any CPU.ActiveCfg = Debug|Any CPU
		{39075B75-9309-4BA0-8935-8F7293C65991}.Debug|Any CPU.Build.0 = Debug|Any CPU
		{39075B75-9309-4BA0-8935-8F7293C65991}.Release|Any CPU.ActiveCfg = Release|Any CPU
		{39075B75-9309-4BA0-8935-8F7293C65991}.Release|Any CPU.Build.0 = Release|Any CPU
		{9FF53B82-0D63-4E8A-9EAC-2AB751007982}.Debug|Any CPU.ActiveCfg = Debug|Any CPU
		{9FF53B82-0D63-4E8A-9EAC-2AB751007982}.Debug|Any CPU.Build.0 = Debug|Any CPU
		{9FF53B82-0D63-4E8A-9EAC-2AB751007982}.Release|Any CPU.ActiveCfg = Release|Any CPU
		{9FF53B82-0D63-4E8A-9EAC-2AB751007982}.Release|Any CPU.Build.0 = Release|Any CPU
		{9516B777-F09D-403D-9D69-DC0A1198EC6C}.Debug|Any CPU.ActiveCfg = Debug|Any CPU
		{9516B777-F09D-403D-9D69-DC0A1198EC6C}.Debug|Any CPU.Build.0 = Debug|Any CPU
		{9516B777-F09D-403D-9D69-DC0A1198EC6C}.Release|Any CPU.ActiveCfg = Release|Any CPU
		{9516B777-F09D-403D-9D69-DC0A1198EC6C}.Release|Any CPU.Build.0 = Release|Any CPU
		{26D81D99-1657-4666-9644-58946D94CFC5}.Debug|Any CPU.ActiveCfg = Debug|Any CPU
		{26D81D99-1657-4666-9644-58946D94CFC5}.Debug|Any CPU.Build.0 = Debug|Any CPU
		{26D81D99-1657-4666-9644-58946D94CFC5}.Release|Any CPU.ActiveCfg = Release|Any CPU
		{26D81D99-1657-4666-9644-58946D94CFC5}.Release|Any CPU.Build.0 = Release|Any CPU
		{34042920-6B21-4CA8-BA29-6230DCE2C669}.Debug|Any CPU.ActiveCfg = Debug|Any CPU
		{34042920-6B21-4CA8-BA29-6230DCE2C669}.Debug|Any CPU.Build.0 = Debug|Any CPU
		{34042920-6B21-4CA8-BA29-6230DCE2C669}.Release|Any CPU.ActiveCfg = Release|Any CPU
		{34042920-6B21-4CA8-BA29-6230DCE2C669}.Release|Any CPU.Build.0 = Release|Any CPU
		{29DC8648-7B81-483C-8FB7-0C8F6460EBB5}.Debug|Any CPU.ActiveCfg = Debug|Any CPU
		{29DC8648-7B81-483C-8FB7-0C8F6460EBB5}.Debug|Any CPU.Build.0 = Debug|Any CPU
		{29DC8648-7B81-483C-8FB7-0C8F6460EBB5}.Release|Any CPU.ActiveCfg = Release|Any CPU
		{29DC8648-7B81-483C-8FB7-0C8F6460EBB5}.Release|Any CPU.Build.0 = Release|Any CPU
		{457776AE-8460-4C75-A43E-CBEB2C76AEC3}.Debug|Any CPU.ActiveCfg = Debug|Any CPU
		{457776AE-8460-4C75-A43E-CBEB2C76AEC3}.Debug|Any CPU.Build.0 = Debug|Any CPU
		{457776AE-8460-4C75-A43E-CBEB2C76AEC3}.Release|Any CPU.ActiveCfg = Release|Any CPU
		{457776AE-8460-4C75-A43E-CBEB2C76AEC3}.Release|Any CPU.Build.0 = Release|Any CPU
		{270C8DF7-9C60-443D-946A-847060452507}.Debug|Any CPU.ActiveCfg = Debug|Any CPU
		{270C8DF7-9C60-443D-946A-847060452507}.Debug|Any CPU.Build.0 = Debug|Any CPU
		{270C8DF7-9C60-443D-946A-847060452507}.Release|Any CPU.ActiveCfg = Release|Any CPU
		{270C8DF7-9C60-443D-946A-847060452507}.Release|Any CPU.Build.0 = Release|Any CPU
		{C85A084D-BF75-4894-B7E0-E967B08C0CB8}.Debug|Any CPU.ActiveCfg = Debug|Any CPU
		{C85A084D-BF75-4894-B7E0-E967B08C0CB8}.Debug|Any CPU.Build.0 = Debug|Any CPU
		{C85A084D-BF75-4894-B7E0-E967B08C0CB8}.Release|Any CPU.ActiveCfg = Release|Any CPU
		{C85A084D-BF75-4894-B7E0-E967B08C0CB8}.Release|Any CPU.Build.0 = Release|Any CPU
		{F3139B06-1E43-419A-8D07-A45FE234634D}.Debug|Any CPU.ActiveCfg = Debug|Any CPU
		{F3139B06-1E43-419A-8D07-A45FE234634D}.Debug|Any CPU.Build.0 = Debug|Any CPU
		{F3139B06-1E43-419A-8D07-A45FE234634D}.Release|Any CPU.ActiveCfg = Release|Any CPU
		{F3139B06-1E43-419A-8D07-A45FE234634D}.Release|Any CPU.Build.0 = Release|Any CPU
		{E4D75C70-1278-4B43-B490-113471BF044B}.Debug|Any CPU.ActiveCfg = Debug|Any CPU
		{E4D75C70-1278-4B43-B490-113471BF044B}.Debug|Any CPU.Build.0 = Debug|Any CPU
		{E4D75C70-1278-4B43-B490-113471BF044B}.Release|Any CPU.ActiveCfg = Release|Any CPU
		{E4D75C70-1278-4B43-B490-113471BF044B}.Release|Any CPU.Build.0 = Release|Any CPU
		{15C72713-1A8F-4032-A9D7-AA9FDD5B4D07}.Debug|Any CPU.ActiveCfg = Debug|Any CPU
		{15C72713-1A8F-4032-A9D7-AA9FDD5B4D07}.Debug|Any CPU.Build.0 = Debug|Any CPU
		{15C72713-1A8F-4032-A9D7-AA9FDD5B4D07}.Release|Any CPU.ActiveCfg = Release|Any CPU
		{15C72713-1A8F-4032-A9D7-AA9FDD5B4D07}.Release|Any CPU.Build.0 = Release|Any CPU
		{B29F353A-8ECD-4DC5-8AE0-191EB1D4A27C}.Debug|Any CPU.ActiveCfg = Debug|Any CPU
		{B29F353A-8ECD-4DC5-8AE0-191EB1D4A27C}.Debug|Any CPU.Build.0 = Debug|Any CPU
		{B29F353A-8ECD-4DC5-8AE0-191EB1D4A27C}.Release|Any CPU.ActiveCfg = Release|Any CPU
		{B29F353A-8ECD-4DC5-8AE0-191EB1D4A27C}.Release|Any CPU.Build.0 = Release|Any CPU
	EndGlobalSection
	GlobalSection(SolutionProperties) = preSolution
		HideSolutionNode = FALSE
	EndGlobalSection
	GlobalSection(ExtensibilityGlobals) = postSolution
		SolutionGuid = {3A7AD809-8CB0-4C40-B052-B6E19D3ACC46}
	EndGlobalSection
EndGlobal
